// !$*UTF8*$!
{
	archiveVersion = 1;
	classes = {
	};
	objectVersion = 56;
	objects = {

/* Begin PBXBuildFile section */
		7636E4642B074049001F4FCB /* NetworkInterchangableApp.swift in Sources */ = {isa = PBXBuildFile; fileRef = 7636E4632B074049001F4FCB /* NetworkInterchangableApp.swift */; };
		7636E4662B074049001F4FCB /* ContentView.swift in Sources */ = {isa = PBXBuildFile; fileRef = 7636E4652B074049001F4FCB /* ContentView.swift */; };
		7636E4682B07404C001F4FCB /* Assets.xcassets in Resources */ = {isa = PBXBuildFile; fileRef = 7636E4672B07404C001F4FCB /* Assets.xcassets */; };
		7636E46B2B07404C001F4FCB /* Preview Assets.xcassets in Resources */ = {isa = PBXBuildFile; fileRef = 7636E46A2B07404C001F4FCB /* Preview Assets.xcassets */; };
		7636E4722B0746FC001F4FCB /* UserModel.swift in Sources */ = {isa = PBXBuildFile; fileRef = 7636E4712B0746FC001F4FCB /* UserModel.swift */; };
		7636E4762B074724001F4FCB /* Webservice.swift in Sources */ = {isa = PBXBuildFile; fileRef = 7636E4752B074724001F4FCB /* Webservice.swift */; };
		7636E4792B074D68001F4FCB /* UserViewModel.swift in Sources */ = {isa = PBXBuildFile; fileRef = 7636E4782B074D68001F4FCB /* UserViewModel.swift */; };
		7636E47C2B074FDD001F4FCB /* Constants.swift in Sources */ = {isa = PBXBuildFile; fileRef = 7636E47B2B074FDD001F4FCB /* Constants.swift */; };
		7636E47E2B0756BC001F4FCB /* users.json in Resources */ = {isa = PBXBuildFile; fileRef = 7636E47D2B0756BB001F4FCB /* users.json */; };
		7636E4802B0756D5001F4FCB /* LocalService.swift in Sources */ = {isa = PBXBuildFile; fileRef = 7636E47F2B0756D5001F4FCB /* LocalService.swift */; };
		7636E4822B0758E9001F4FCB /* NetworkService.swift in Sources */ = {isa = PBXBuildFile; fileRef = 7636E4812B0758E9001F4FCB /* NetworkService.swift */; };
/* End PBXBuildFile section */

/* Begin PBXFileReference section */
		7636E4602B074049001F4FCB /* NetworkInterchangable.app */ = {isa = PBXFileReference; explicitFileType = wrapper.application; includeInIndex = 0; path = NetworkInterchangable.app; sourceTree = BUILT_PRODUCTS_DIR; };
		7636E4632B074049001F4FCB /* NetworkInterchangableApp.swift */ = {isa = PBXFileReference; lastKnownFileType = sourcecode.swift; path = NetworkInterchangableApp.swift; sourceTree = "<group>"; };
		7636E4652B074049001F4FCB /* ContentView.swift */ = {isa = PBXFileReference; lastKnownFileType = sourcecode.swift; path = ContentView.swift; sourceTree = "<group>"; };
		7636E4672B07404C001F4FCB /* Assets.xcassets */ = {isa = PBXFileReference; lastKnownFileType = folder.assetcatalog; path = Assets.xcassets; sourceTree = "<group>"; };
		7636E46A2B07404C001F4FCB /* Preview Assets.xcassets */ = {isa = PBXFileReference; lastKnownFileType = folder.assetcatalog; path = "Preview Assets.xcassets"; sourceTree = "<group>"; };
		7636E4712B0746FC001F4FCB /* UserModel.swift */ = {isa = PBXFileReference; lastKnownFileType = sourcecode.swift; path = UserModel.swift; sourceTree = "<group>"; };
		7636E4752B074724001F4FCB /* Webservice.swift */ = {isa = PBXFileReference; lastKnownFileType = sourcecode.swift; path = Webservice.swift; sourceTree = "<group>"; };
		7636E4782B074D68001F4FCB /* UserViewModel.swift */ = {isa = PBXFileReference; lastKnownFileType = sourcecode.swift; path = UserViewModel.swift; sourceTree = "<group>"; };
		7636E47B2B074FDD001F4FCB /* Constants.swift */ = {isa = PBXFileReference; lastKnownFileType = sourcecode.swift; path = Constants.swift; sourceTree = "<group>"; };
		7636E47D2B0756BB001F4FCB /* users.json */ = {isa = PBXFileReference; fileEncoding = 4; lastKnownFileType = text.json; path = users.json; sourceTree = "<group>"; };
		7636E47F2B0756D5001F4FCB /* LocalService.swift */ = {isa = PBXFileReference; lastKnownFileType = sourcecode.swift; path = LocalService.swift; sourceTree = "<group>"; };
		7636E4812B0758E9001F4FCB /* NetworkService.swift */ = {isa = PBXFileReference; lastKnownFileType = sourcecode.swift; path = NetworkService.swift; sourceTree = "<group>"; };
/* End PBXFileReference section */

/* Begin PBXFrameworksBuildPhase section */
		7636E45D2B074049001F4FCB /* Frameworks */ = {
			isa = PBXFrameworksBuildPhase;
			buildActionMask = 2147483647;
			files = (
			);
			runOnlyForDeploymentPostprocessing = 0;
		};
/* End PBXFrameworksBuildPhase section */

/* Begin PBXGroup section */
		7636E4572B074049001F4FCB = {
			isa = PBXGroup;
			children = (
				7636E4622B074049001F4FCB /* NetworkInterchangable */,
				7636E4612B074049001F4FCB /* Products */,
			);
			sourceTree = "<group>";
		};
		7636E4612B074049001F4FCB /* Products */ = {
			isa = PBXGroup;
			children = (
				7636E4602B074049001F4FCB /* NetworkInterchangable.app */,
			);
			name = Products;
			sourceTree = "<group>";
		};
		7636E4622B074049001F4FCB /* NetworkInterchangable */ = {
			isa = PBXGroup;
			children = (
				7636E47D2B0756BB001F4FCB /* users.json */,
				7636E47A2B074FD0001F4FCB /* Constants */,
				7636E4772B07472D001F4FCB /* ViewModel */,
				7636E4742B074711001F4FCB /* Service */,
				7636E4732B074707001F4FCB /* Model */,
				7636E4632B074049001F4FCB /* NetworkInterchangableApp.swift */,
				7636E4652B074049001F4FCB /* ContentView.swift */,
				7636E4672B07404C001F4FCB /* Assets.xcassets */,
				7636E4692B07404C001F4FCB /* Preview Content */,
			);
			path = NetworkInterchangable;
			sourceTree = "<group>";
		};
		7636E4692B07404C001F4FCB /* Preview Content */ = {
			isa = PBXGroup;
			children = (
				7636E46A2B07404C001F4FCB /* Preview Assets.xcassets */,
			);
			path = "Preview Content";
			sourceTree = "<group>";
		};
		7636E4732B074707001F4FCB /* Model */ = {
			isa = PBXGroup;
			children = (
				7636E4712B0746FC001F4FCB /* UserModel.swift */,
			);
			path = Model;
			sourceTree = "<group>";
		};
		7636E4742B074711001F4FCB /* Service */ = {
			isa = PBXGroup;
			children = (
				7636E4752B074724001F4FCB /* Webservice.swift */,
				7636E47F2B0756D5001F4FCB /* LocalService.swift */,
				7636E4812B0758E9001F4FCB /* NetworkService.swift */,
			);
			path = Service;
			sourceTree = "<group>";
		};
		7636E4772B07472D001F4FCB /* ViewModel */ = {
			isa = PBXGroup;
			children = (
				7636E4782B074D68001F4FCB /* UserViewModel.swift */,
			);
			path = ViewModel;
			sourceTree = "<group>";
		};
		7636E47A2B074FD0001F4FCB /* Constants */ = {
			isa = PBXGroup;
			children = (
				7636E47B2B074FDD001F4FCB /* Constants.swift */,
			);
			path = Constants;
			sourceTree = "<group>";
		};
/* End PBXGroup section */

/* Begin PBXNativeTarget section */
		7636E45F2B074049001F4FCB /* NetworkInterchangable */ = {
			isa = PBXNativeTarget;
			buildConfigurationList = 7636E46E2B07404C001F4FCB /* Build configuration list for PBXNativeTarget "NetworkInterchangable" */;
			buildPhases = (
				7636E45C2B074049001F4FCB /* Sources */,
				7636E45D2B074049001F4FCB /* Frameworks */,
				7636E45E2B074049001F4FCB /* Resources */,
			);
			buildRules = (
			);
			dependencies = (
			);
			name = NetworkInterchangable;
			productName = NetworkInterchangable;
			productReference = 7636E4602B074049001F4FCB /* NetworkInterchangable.app */;
			productType = "com.apple.product-type.application";
		};
/* End PBXNativeTarget section */

/* Begin PBXProject section */
		7636E4582B074049001F4FCB /* Project object */ = {
			isa = PBXProject;
			attributes = {
				BuildIndependentTargetsInParallel = 1;
				LastSwiftUpdateCheck = 1500;
				LastUpgradeCheck = 1500;
				TargetAttributes = {
					7636E45F2B074049001F4FCB = {
						CreatedOnToolsVersion = 15.0.1;
					};
				};
			};
			buildConfigurationList = 7636E45B2B074049001F4FCB /* Build configuration list for PBXProject "NetworkInterchangable" */;
			compatibilityVersion = "Xcode 14.0";
			developmentRegion = en;
			hasScannedForEncodings = 0;
			knownRegions = (
				en,
				Base,
			);
			mainGroup = 7636E4572B074049001F4FCB;
			productRefGroup = 7636E4612B074049001F4FCB /* Products */;
			projectDirPath = "";
			projectRoot = "";
			targets = (
				7636E45F2B074049001F4FCB /* NetworkInterchangable */,
			);
		};
/* End PBXProject section */

/* Begin PBXResourcesBuildPhase section */
		7636E45E2B074049001F4FCB /* Resources */ = {
			isa = PBXResourcesBuildPhase;
			buildActionMask = 2147483647;
			files = (
				7636E47E2B0756BC001F4FCB /* users.json in Resources */,
				7636E46B2B07404C001F4FCB /* Preview Assets.xcassets in Resources */,
				7636E4682B07404C001F4FCB /* Assets.xcassets in Resources */,
			);
			runOnlyForDeploymentPostprocessing = 0;
		};
/* End PBXResourcesBuildPhase section */

/* Begin PBXSourcesBuildPhase section */
		7636E45C2B074049001F4FCB /* Sources */ = {
			isa = PBXSourcesBuildPhase;
			buildActionMask = 2147483647;
			files = (
				7636E4662B074049001F4FCB /* ContentView.swift in Sources */,
				7636E4722B0746FC001F4FCB /* UserModel.swift in Sources */,
				7636E4822B0758E9001F4FCB /* NetworkService.swift in Sources */,
				7636E4762B074724001F4FCB /* Webservice.swift in Sources */,
				7636E4792B074D68001F4FCB /* UserViewModel.swift in Sources */,
				7636E4642B074049001F4FCB /* NetworkInterchangableApp.swift in Sources */,
				7636E4802B0756D5001F4FCB /* LocalService.swift in Sources */,
				7636E47C2B074FDD001F4FCB /* Constants.swift in Sources */,
			);
			runOnlyForDeploymentPostprocessing = 0;
		};
/* End PBXSourcesBuildPhase section */

/* Begin XCBuildConfiguration section */
		7636E46C2B07404C001F4FCB /* Debug */ = {
			isa = XCBuildConfiguration;
			buildSettings = {
				ALWAYS_SEARCH_USER_PATHS = NO;
				ASSETCATALOG_COMPILER_GENERATE_SWIFT_ASSET_SYMBOL_EXTENSIONS = YES;
				CLANG_ANALYZER_NONNULL = YES;
				CLANG_ANALYZER_NUMBER_OBJECT_CONVERSION = YES_AGGRESSIVE;
				CLANG_CXX_LANGUAGE_STANDARD = "gnu++20";
				CLANG_ENABLE_MODULES = YES;
				CLANG_ENABLE_OBJC_ARC = YES;
				CLANG_ENABLE_OBJC_WEAK = YES;
				CLANG_WARN_BLOCK_CAPTURE_AUTORELEASING = YES;
				CLANG_WARN_BOOL_CONVERSION = YES;
				CLANG_WARN_COMMA = YES;
				CLANG_WARN_CONSTANT_CONVERSION = YES;
				CLANG_WARN_DEPRECATED_OBJC_IMPLEMENTATIONS = YES;
				CLANG_WARN_DIRECT_OBJC_ISA_USAGE = YES_ERROR;
				CLANG_WARN_DOCUMENTATION_COMMENTS = YES;
				CLANG_WARN_EMPTY_BODY = YES;
				CLANG_WARN_ENUM_CONVERSION = YES;
				CLANG_WARN_INFINITE_RECURSION = YES;
				CLANG_WARN_INT_CONVERSION = YES;
				CLANG_WARN_NON_LITERAL_NULL_CONVERSION = YES;
				CLANG_WARN_OBJC_IMPLICIT_RETAIN_SELF = YES;
				CLANG_WARN_OBJC_LITERAL_CONVERSION = YES;
				CLANG_WARN_OBJC_ROOT_CLASS = YES_ERROR;
				CLANG_WARN_QUOTED_INCLUDE_IN_FRAMEWORK_HEADER = YES;
				CLANG_WARN_RANGE_LOOP_ANALYSIS = YES;
				CLANG_WARN_STRICT_PROTOTYPES = YES;
				CLANG_WARN_SUSPICIOUS_MOVE = YES;
				CLANG_WARN_UNGUARDED_AVAILABILITY = YES_AGGRESSIVE;
				CLANG_WARN_UNREACHABLE_CODE = YES;
				CLANG_WARN__DUPLICATE_METHOD_MATCH = YES;
				COPY_PHASE_STRIP = NO;
				DEBUG_INFORMATION_FORMAT = dwarf;
				ENABLE_STRICT_OBJC_MSGSEND = YES;
				ENABLE_TESTABILITY = YES;
				ENABLE_USER_SCRIPT_SANDBOXING = YES;
				GCC_C_LANGUAGE_STANDARD = gnu17;
				GCC_DYNAMIC_NO_PIC = NO;
				GCC_NO_COMMON_BLOCKS = YES;
				GCC_OPTIMIZATION_LEVEL = 0;
				GCC_PREPROCESSOR_DEFINITIONS = (
					"DEBUG=1",
					"$(inherited)",
				);
				GCC_WARN_64_TO_32_BIT_CONVERSION = YES;
				GCC_WARN_ABOUT_RETURN_TYPE = YES_ERROR;
				GCC_WARN_UNDECLARED_SELECTOR = YES;
				GCC_WARN_UNINITIALIZED_AUTOS = YES_AGGRESSIVE;
				GCC_WARN_UNUSED_FUNCTION = YES;
				GCC_WARN_UNUSED_VARIABLE = YES;
				IPHONEOS_DEPLOYMENT_TARGET = 17.0;
				LOCALIZATION_PREFERS_STRING_CATALOGS = YES;
				MTL_ENABLE_DEBUG_INFO = INCLUDE_SOURCE;
				MTL_FAST_MATH = YES;
				ONLY_ACTIVE_ARCH = YES;
				SDKROOT = iphoneos;
				SWIFT_ACTIVE_COMPILATION_CONDITIONS = "DEBUG $(inherited)";
				SWIFT_OPTIMIZATION_LEVEL = "-Onone";
			};
			name = Debug;
		};
		7636E46D2B07404C001F4FCB /* Release */ = {
			isa = XCBuildConfiguration;
			buildSettings = {
				ALWAYS_SEARCH_USER_PATHS = NO;
				ASSETCATALOG_COMPILER_GENERATE_SWIFT_ASSET_SYMBOL_EXTENSIONS = YES;
				CLANG_ANALYZER_NONNULL = YES;
				CLANG_ANALYZER_NUMBER_OBJECT_CONVERSION = YES_AGGRESSIVE;
				CLANG_CXX_LANGUAGE_STANDARD = "gnu++20";
				CLANG_ENABLE_MODULES = YES;
				CLANG_ENABLE_OBJC_ARC = YES;
				CLANG_ENABLE_OBJC_WEAK = YES;
				CLANG_WARN_BLOCK_CAPTURE_AUTORELEASING = YES;
				CLANG_WARN_BOOL_CONVERSION = YES;
				CLANG_WARN_COMMA = YES;
				CLANG_WARN_CONSTANT_CONVERSION = YES;
				CLANG_WARN_DEPRECATED_OBJC_IMPLEMENTATIONS = YES;
				CLANG_WARN_DIRECT_OBJC_ISA_USAGE = YES_ERROR;
				CLANG_WARN_DOCUMENTATION_COMMENTS = YES;
				CLANG_WARN_EMPTY_BODY = YES;
				CLANG_WARN_ENUM_CONVERSION = YES;
				CLANG_WARN_INFINITE_RECURSION = YES;
				CLANG_WARN_INT_CONVERSION = YES;
				CLANG_WARN_NON_LITERAL_NULL_CONVERSION = YES;
				CLANG_WARN_OBJC_IMPLICIT_RETAIN_SELF = YES;
				CLANG_WARN_OBJC_LITERAL_CONVERSION = YES;
				CLANG_WARN_OBJC_ROOT_CLASS = YES_ERROR;
				CLANG_WARN_QUOTED_INCLUDE_IN_FRAMEWORK_HEADER = YES;
				CLANG_WARN_RANGE_LOOP_ANALYSIS = YES;
				CLANG_WARN_STRICT_PROTOTYPES = YES;
				CLANG_WARN_SUSPICIOUS_MOVE = YES;
				CLANG_WARN_UNGUARDED_AVAILABILITY = YES_AGGRESSIVE;
				CLANG_WARN_UNREACHABLE_CODE = YES;
				CLANG_WARN__DUPLICATE_METHOD_MATCH = YES;
				COPY_PHASE_STRIP = NO;
				DEBUG_INFORMATION_FORMAT = "dwarf-with-dsym";
				ENABLE_NS_ASSERTIONS = NO;
				ENABLE_STRICT_OBJC_MSGSEND = YES;
				ENABLE_USER_SCRIPT_SANDBOXING = YES;
				GCC_C_LANGUAGE_STANDARD = gnu17;
				GCC_NO_COMMON_BLOCKS = YES;
				GCC_WARN_64_TO_32_BIT_CONVERSION = YES;
				GCC_WARN_ABOUT_RETURN_TYPE = YES_ERROR;
				GCC_WARN_UNDECLARED_SELECTOR = YES;
				GCC_WARN_UNINITIALIZED_AUTOS = YES_AGGRESSIVE;
				GCC_WARN_UNUSED_FUNCTION = YES;
				GCC_WARN_UNUSED_VARIABLE = YES;
				IPHONEOS_DEPLOYMENT_TARGET = 17.0;
				LOCALIZATION_PREFERS_STRING_CATALOGS = YES;
				MTL_ENABLE_DEBUG_INFO = NO;
				MTL_FAST_MATH = YES;
				SDKROOT = iphoneos;
				SWIFT_COMPILATION_MODE = wholemodule;
				VALIDATE_PRODUCT = YES;
			};
			name = Release;
		};
		7636E46F2B07404C001F4FCB /* Debug */ = {
			isa = XCBuildConfiguration;
			buildSettings = {
				ASSETCATALOG_COMPILER_APPICON_NAME = AppIcon;
				ASSETCATALOG_COMPILER_GLOBAL_ACCENT_COLOR_NAME = AccentColor;
				CODE_SIGN_STYLE = Automatic;
				CURRENT_PROJECT_VERSION = 1;
				DEVELOPMENT_ASSET_PATHS = "\"NetworkInterchangable/Preview Content\"";
				DEVELOPMENT_TEAM = 9YC7UP4F29;
				ENABLE_PREVIEWS = YES;
				GENERATE_INFOPLIST_FILE = YES;
				INFOPLIST_KEY_UIApplicationSceneManifest_Generation = YES;
				INFOPLIST_KEY_UIApplicationSupportsIndirectInputEvents = YES;
				INFOPLIST_KEY_UILaunchScreen_Generation = YES;
				INFOPLIST_KEY_UISupportedInterfaceOrientations_iPad = "UIInterfaceOrientationPortrait UIInterfaceOrientationPortraitUpsideDown UIInterfaceOrientationLandscapeLeft UIInterfaceOrientationLandscapeRight";
				INFOPLIST_KEY_UISupportedInterfaceOrientations_iPhone = "UIInterfaceOrientationPortrait UIInterfaceOrientationLandscapeLeft UIInterfaceOrientationLandscapeRight";
				LD_RUNPATH_SEARCH_PATHS = (
					"$(inherited)",
					"@executable_path/Frameworks",
				);
				MARKETING_VERSION = 1.0;
				PRODUCT_BUNDLE_IDENTIFIER = com.UsefulApps.NetworkInterchangable;
				PRODUCT_NAME = "$(TARGET_NAME)";
				SWIFT_EMIT_LOC_STRINGS = YES;
				SWIFT_VERSION = 5.0;
				TARGETED_DEVICE_FAMILY = "1,2";
			};
			name = Debug;
		};
		7636E4702B07404C001F4FCB /* Release */ = {
			isa = XCBuildConfiguration;
			buildSettings = {
				ASSETCATALOG_COMPILER_APPICON_NAME = AppIcon;
				ASSETCATALOG_COMPILER_GLOBAL_ACCENT_COLOR_NAME = AccentColor;
				CODE_SIGN_STYLE = Automatic;
				CURRENT_PROJECT_VERSION = 1;
				DEVELOPMENT_ASSET_PATHS = "\"NetworkInterchangable/Preview Content\"";
				DEVELOPMENT_TEAM = 9YC7UP4F29;
				ENABLE_PREVIEWS = YES;
				GENERATE_INFOPLIST_FILE = YES;
				INFOPLIST_KEY_UIApplicationSceneManifest_Generation = YES;
				INFOPLIST_KEY_UIApplicationSupportsIndirectInputEvents = YES;
				INFOPLIST_KEY_UILaunchScreen_Generation = YES;
				INFOPLIST_KEY_UISupportedInterfaceOrientations_iPad = "UIInterfaceOrientationPortrait UIInterfaceOrientationPortraitUpsideDown UIInterfaceOrientationLandscapeLeft UIInterfaceOrientationLandscapeRight";
				INFOPLIST_KEY_UISupportedInterfaceOrientations_iPhone = "UIInterfaceOrientationPortrait UIInterfaceOrientationLandscapeLeft UIInterfaceOrientationLandscapeRight";
				LD_RUNPATH_SEARCH_PATHS = (
					"$(inherited)",
					"@executable_path/Frameworks",
				);
				MARKETING_VERSION = 1.0;
				PRODUCT_BUNDLE_IDENTIFIER = com.UsefulApps.NetworkInterchangable;
				PRODUCT_NAME = "$(TARGET_NAME)";
				SWIFT_EMIT_LOC_STRINGS = YES;
				SWIFT_VERSION = 5.0;
				TARGETED_DEVICE_FAMILY = "1,2";
			};
			name = Release;
		};
/* End XCBuildConfiguration section */

/* Begin XCConfigurationList section */
		7636E45B2B074049001F4FCB /* Build configuration list for PBXProject "NetworkInterchangable" */ = {
			isa = XCConfigurationList;
			buildConfigurations = (
				7636E46C2B07404C001F4FCB /* Debug */,
				7636E46D2B07404C001F4FCB /* Release */,
			);
			defaultConfigurationIsVisible = 0;
			defaultConfigurationName = Release;
		};
		7636E46E2B07404C001F4FCB /* Build configuration list for PBXNativeTarget "NetworkInterchangable" */ = {
			isa = XCConfigurationList;
			buildConfigurations = (
				7636E46F2B07404C001F4FCB /* Debug */,
				7636E4702B07404C001F4FCB /* Release */,
			);
			defaultConfigurationIsVisible = 0;
			defaultConfigurationName = Release;
		};
/* End XCConfigurationList section */
	};
	rootObject = 7636E4582B074049001F4FCB /* Project object */;
}
